# THIS IS AN AUTOGENERATED FILE. DO NOT EDIT THIS FILE DIRECTLY.
# yarn lockfile v1


"@babel/runtime@^7.0.0", "@babel/runtime@^7.5.5":
  version "7.6.0"
  resolved "https://registry.npm.alibaba-inc.com/@babel/runtime/download/@babel/runtime-7.6.0.tgz#4fc1d642a9fd0299754e8b5de62c631cf5568205"
  integrity sha1-T8HWQqn9Apl1Totd5ixjHPVWggU=
  dependencies:
    regenerator-runtime "^0.13.2"

dom-walk@^0.1.0:
  version "0.1.1"
  resolved "https://registry.npm.alibaba-inc.com/dom-walk/download/dom-walk-0.1.1.tgz#672226dc74c8f799ad35307df936aba11acd6018"
  integrity sha1-ZyIm3HTI95mtNTB9+TaroRrNYBg=

dva-core@^2.0.0:
  version "2.0.0"
  resolved "https://registry.npm.alibaba-inc.com/dva-core/download/dva-core-2.0.0.tgz#7fce737f4df1c9f6043c3385210fdfc0f0332042"
  integrity sha1-f85zf03xyfYEPDOFIQ/fwPAzIEI=
  dependencies:
    "@babel/runtime" "^7.0.0"
    flatten "^1.0.2"
    global "^4.3.2"
    invariant "^2.2.1"
    is-plain-object "^2.0.3"
    redux-saga "^0.16.0"
    warning "^3.0.0"

flatten@^1.0.2:
  version "1.0.2"
  resolved "https://registry.npm.alibaba-inc.com/flatten/download/flatten-1.0.2.tgz#dae46a9d78fbe25292258cc1e780a41d95c03782"
  integrity sha1-2uRqnXj74lKSJYzB54CkHZXAN4I=

global@^4.3.2:
  version "4.4.0"
  resolved "https://registry.npm.alibaba-inc.com/global/download/global-4.4.0.tgz#3e7b105179006a323ed71aafca3e9c57a5cc6406"
  integrity sha1-PnsQUXkAajI+1xqvyj6cV6XMZAY=
  dependencies:
    min-document "^2.19.0"
    process "^0.11.10"

hoist-non-react-statics@^3.3.0:
  version "3.3.0"
  resolved "https://registry.npm.alibaba-inc.com/hoist-non-react-statics/download/hoist-non-react-statics-3.3.0.tgz#b09178f0122184fb95acf525daaecb4d8f45958b"
  integrity sha1-sJF48BIhhPuVrPUl2q7LTY9FlYs=
  dependencies:
    react-is "^16.7.0"

invariant@^2.2.1, invariant@^2.2.4:
  version "2.2.4"
  resolved "https://registry.npm.alibaba-inc.com/invariant/download/invariant-2.2.4.tgz#610f3c92c9359ce1db616e538008d23ff35158e6"
  integrity sha1-YQ88ksk1nOHbYW5TgAjSP/NRWOY=
  dependencies:
    loose-envify "^1.0.0"

is-plain-object@^2.0.3:
  version "2.0.4"
  resolved "https://registry.npm.alibaba-inc.com/is-plain-object/download/is-plain-object-2.0.4.tgz#2c163b3fafb1b606d9d17928f05c2a1c38e07677"
  integrity sha1-LBY7P6+xtgbZ0Xko8FwqHDjgdnc=
  dependencies:
    isobject "^3.0.1"

isobject@^3.0.1:
  version "3.0.1"
  resolved "https://registry.npm.alibaba-inc.com/isobject/download/isobject-3.0.1.tgz#4e431e92b11a9731636aa1f9c8d1ccbcfdab78df"
  integrity sha1-TkMekrEalzFjaqH5yNHMvP2reN8=

"js-tokens@^3.0.0 || ^4.0.0":
  version "4.0.0"
  resolved "https://registry.npm.alibaba-inc.com/js-tokens/download/js-tokens-4.0.0.tgz#19203fb59991df98e3a287050d4647cdeaf32499"
  integrity sha1-GSA/tZmR35jjoocFDUZHzerzJJk=

loose-envify@^1.0.0, loose-envify@^1.4.0:
  version "1.4.0"
  resolved "https://registry.npm.alibaba-inc.com/loose-envify/download/loose-envify-1.4.0.tgz#71ee51fa7be4caec1a63839f7e682d8132d30caf"
  integrity sha1-ce5R+nvkyuwaY4OffmgtgTLTDK8=
  dependencies:
    js-tokens "^3.0.0 || ^4.0.0"

min-document@^2.19.0:
  version "2.19.0"
  resolved "https://registry.npm.alibaba-inc.com/min-document/download/min-document-2.19.0.tgz#7bd282e3f5842ed295bb748cdd9f1ffa2c824685"
  integrity sha1-e9KC4/WELtKVu3SM3Z8f+iyCRoU=
  dependencies:
    dom-walk "^0.1.0"

process@^0.11.10:
  version "0.11.10"
  resolved "https://registry.npm.alibaba-inc.com/process/download/process-0.11.10.tgz#7332300e840161bda3e69a1d1d91a7d4bc16f182"
  integrity sha1-czIwDoQBYb2j5podHZGn1LwW8YI=

react-is@^16.7.0, react-is@^16.9.0:
  version "16.9.0"
  resolved "https://registry.npm.alibaba-inc.com/react-is/download/react-is-16.9.0.tgz#21ca9561399aad0ff1a7701c01683e8ca981edcb"
  integrity sha1-IcqVYTmarQ/xp3AcAWg+jKmB7cs=

redux-saga@^0.16.0:
  version "0.16.2"
  resolved "https://registry.npm.alibaba-inc.com/redux-saga/download/redux-saga-0.16.2.tgz#993662e86bc945d8509ac2b8daba3a8c615cc971"
  integrity sha1-mTZi6GvJRdhQmsK42ro6jGFcyXE=

redux@^4.0.4:
  version "4.0.4"
  resolved "https://registry.npm.alibaba-inc.com/redux/download/redux-4.0.4.tgz#4ee1aeb164b63d6a1bcc57ae4aa0b6e6fa7a3796"
  integrity sha1-TuGusWS2PWobzFeuSqC25vp6N5Y=
  dependencies:
    loose-envify "^1.4.0"
    symbol-observable "^1.2.0"

regenerator-runtime@^0.13.2:
  version "0.13.3"
  resolved "https://registry.npm.alibaba-inc.com/regenerator-runtime/download/regenerator-runtime-0.13.3.tgz#7cf6a77d8f5c6f60eb73c5fc1955b2ceb01e6bf5"
  integrity sha1-fPanfY9cb2Drc8X8GVWyzrAea/U=

remax-redux@^7.1.1-beta.1:
  version "7.1.1-beta.1"
  resolved "https://registry.npm.alibaba-inc.com/remax-redux/download/remax-redux-7.1.1-beta.1.tgz#11524b2837685e90800f78b8008beb7293b3c566"
  integrity sha1-EVJLKDdoXpCAD3i4AIvrcpOzxWY=
  dependencies:
    "@babel/runtime" "^7.5.5"
    hoist-non-react-statics "^3.3.0"
    invariant "^2.2.4"
    loose-envify "^1.4.0"
    react-is "^16.9.0"

symbol-observable@^1.2.0:
  version "1.2.0"
  resolved "https://registry.npm.alibaba-inc.com/symbol-observable/download/symbol-observable-1.2.0.tgz#c22688aed4eab3cdc2dfeacbb561660560a00804"
  integrity sha1-wiaIrtTqs83C3+rLtWFmBWCgCAQ=

warning@^3.0.0:
  version "3.0.0"
  resolved "https://registry.npm.alibaba-inc.com/warning/download/warning-3.0.0.tgz#32e5377cb572de4ab04753bdf8821c01ed605b7c"
  integrity sha1-MuU3fLVy3kqwR1O9+IIcAe1gW3w=
  dependencies:
    loose-envify "^1.0.0"
